
Microsoft Visual Studio Solution File, Format Version 12.00
# Visual Studio Version 17
VisualStudioVersion = 17.12.35323.107
MinimumVisualStudioVersion = 10.0.40219.1
Project("{2150E333-8FDC-42A3-9474-1A3956D46DE8}") = "Solution Items", "Solution Items", "{122717D3-C8E6-4799-BA16-9EBA06C267DC}"
	ProjectSection(SolutionItems) = preProject
		.gitignore = .gitignore
	EndProjectSection
EndProject
Project("{FAE04EC0-301F-11D3-BF4B-00C04F79EFBC}") = "YoutubeDownloader.App", "YoutubeDownloader.App\YoutubeDownloader.App.csproj", "{07F401A3-DB08-430A-A19D-1137CDD67858}"
EndProject
Global
	GlobalSection(SolutionConfigurationPlatforms) = preSolution
		Debug|Any CPU = Debug|Any CPU
		Release|Any CPU = Release|Any CPU
	EndGlobalSection
	GlobalSection(ProjectConfigurationPlatforms) = postSolution
		{07F401A3-DB08-430A-A19D-1137CDD67858}.Debug|Any CPU.ActiveCfg = Debug|Any CPU
		{07F401A3-DB08-430A-A19D-1137CDD67858}.Debug|Any CPU.Build.0 = Debug|Any CPU
		{07F401A3-DB08-430A-A19D-1137CDD67858}.Debug|Any CPU.Deploy.0 = Debug|Any CPU
		{07F401A3-DB08-430A-A19D-1137CDD67858}.Release|Any CPU.ActiveCfg = Release|Any CPU
		{07F401A3-DB08-430A-A19D-1137CDD67858}.Release|Any CPU.Build.0 = Release|Any CPU
		{07F401A3-DB08-430A-A19D-1137CDD67858}.Release|Any CPU.Deploy.0 = Release|Any CPU
	EndGlobalSection
	GlobalSection(SolutionProperties) = preSolution
		HideSolutionNode = FALSE
	EndGlobalSection
	GlobalSection(ExtensibilityGlobals) = postSolution
		SolutionGuid = {74622DED-EA90-4CAF-A874-61D912D7F077}
	EndGlobalSection
EndGlobal
